
Microsoft Visual Studio Solution File, Format Version 12.00
# Blend for Visual Studio Version 16
VisualStudioVersion = 16.0.29123.88
MinimumVisualStudioVersion = 10.0.40219.1
Project("{FAE04EC0-301F-11D3-BF4B-00C04F79EFBC}") = "EquipmentApp", "ConsoleApp1\EquipmentApp.csproj", "{8F94452E-2C1D-4F6D-9852-27443004EE88}"
EndProject
Global
	GlobalSection(SolutionConfigurationPlatforms) = preSolution
		Debug|Any CPU = Debug|Any CPU
		Release|Any CPU = Release|Any CPU
	EndGlobalSection
	GlobalSection(ProjectConfigurationPlatforms) = postSolution
		{8F94452E-2C1D-4F6D-9852-27443004EE88}.Debug|Any CPU.ActiveCfg = Debug|Any CPU
		{8F94452E-2C1D-4F6D-9852-27443004EE88}.Debug|Any CPU.Build.0 = Debug|Any CPU
		{8F94452E-2C1D-4F6D-9852-27443004EE88}.Release|Any CPU.ActiveCfg = Release|Any CPU
		{8F94452E-2C1D-4F6D-9852-27443004EE88}.Release|Any CPU.Build.0 = Release|Any CPU
	EndGlobalSection
	GlobalSection(SolutionProperties) = preSolution
		HideSolutionNode = FALSE
	EndGlobalSection
	GlobalSection(ExtensibilityGlobals) = postSolution
		SolutionGuid = {C6C1F212-4E6A-45B5-8011-CE3B2E0F9994}
	EndGlobalSection
EndGlobal
